
Microsoft Visual Studio Solution File, Format Version 12.00
# Visual Studio 2013
VisualStudioVersion = 12.0.31101.0
MinimumVisualStudioVersion = 10.0.40219.1
Project("{FAE04EC0-301F-11D3-BF4B-00C04F79EFBC}") = "VideoOnDemandProjectDay1", "VideoOnDemandProjectDay1\VideoOnDemandProjectDay1.csproj", "{CCFDED40-3D67-4FEA-93F8-DB65E43C14B0}"
EndProject
Project("{2150E333-8FDC-42A3-9474-1A3956D46DE8}") = ".nuget", ".nuget", "{A5B72E65-346E-440C-8979-E444872AFD59}"
	ProjectSection(SolutionItems) = preProject
		.nuget\packages.config = .nuget\packages.config
	EndProjectSection
EndProject
Project("{FAE04EC0-301F-11D3-BF4B-00C04F79EFBC}") = "VideosOnDemandProjectTestsDay1", "VideosOnDemandProjectTestsDay1\VideosOnDemandProjectTestsDay1.csproj", "{331562AA-B41C-42D6-9420-8F127AEF2AB4}"
EndProject
Project("{FAE04EC0-301F-11D3-BF4B-00C04F79EFBC}") = "VideosOnDemandEntityDatabase", "VideosOnDemandEntityDatabase\VideosOnDemandEntityDatabase.csproj", "{67BB1665-3FA5-439C-8D9A-A7138B98782D}"
EndProject
Project("{FAE04EC0-301F-11D3-BF4B-00C04F79EFBC}") = "VideoOnDemandWPF", "VideoOnDemandWPF\VideoOnDemandWPF.csproj", "{7CAAD2EF-1504-4418-A4D9-533EC808E9B3}"
EndProject
Project("{FAE04EC0-301F-11D3-BF4B-00C04F79EFBC}") = "WcfVideoService", "WcfVideoService\WcfVideoService.csproj", "{2E50284B-7080-4EA4-8B0C-B3ABBBE1BA9E}"
EndProject
Project("{FAE04EC0-301F-11D3-BF4B-00C04F79EFBC}") = "WcfVideoHost", "WcfVideoHost\WcfVideoHost.csproj", "{1AF47652-51C7-4A64-B926-FCE25137AC35}"
EndProject
Project("{FAE04EC0-301F-11D3-BF4B-00C04F79EFBC}") = "AspNetVidOnDemand", "AspNetVidOnDemand\AspNetVidOnDemand.csproj", "{91D54AD0-CCA8-4998-8EBB-84DDFCBE076A}"
EndProject
Project("{FAE04EC0-301F-11D3-BF4B-00C04F79EFBC}") = "AspNetVidOnDemand.Tests", "AspNetVidOnDemand.Tests\AspNetVidOnDemand.Tests.csproj", "{4CC077B9-9CE9-4578-A241-1EE4932D0814}"
EndProject
Project("{FAE04EC0-301F-11D3-BF4B-00C04F79EFBC}") = "WcfClient", "WcfClient\WcfClient.csproj", "{9EDE3C75-B047-46CA-BC38-AAB828FC94AA}"
EndProject
Global
	GlobalSection(SolutionConfigurationPlatforms) = preSolution
		Debug|Any CPU = Debug|Any CPU
		Release|Any CPU = Release|Any CPU
	EndGlobalSection
	GlobalSection(ProjectConfigurationPlatforms) = postSolution
		{CCFDED40-3D67-4FEA-93F8-DB65E43C14B0}.Debug|Any CPU.ActiveCfg = Debug|Any CPU
		{CCFDED40-3D67-4FEA-93F8-DB65E43C14B0}.Debug|Any CPU.Build.0 = Debug|Any CPU
		{CCFDED40-3D67-4FEA-93F8-DB65E43C14B0}.Release|Any CPU.ActiveCfg = Release|Any CPU
		{CCFDED40-3D67-4FEA-93F8-DB65E43C14B0}.Release|Any CPU.Build.0 = Release|Any CPU
		{331562AA-B41C-42D6-9420-8F127AEF2AB4}.Debug|Any CPU.ActiveCfg = Debug|Any CPU
		{331562AA-B41C-42D6-9420-8F127AEF2AB4}.Debug|Any CPU.Build.0 = Debug|Any CPU
		{331562AA-B41C-42D6-9420-8F127AEF2AB4}.Release|Any CPU.ActiveCfg = Release|Any CPU
		{331562AA-B41C-42D6-9420-8F127AEF2AB4}.Release|Any CPU.Build.0 = Release|Any CPU
		{67BB1665-3FA5-439C-8D9A-A7138B98782D}.Debug|Any CPU.ActiveCfg = Debug|Any CPU
		{67BB1665-3FA5-439C-8D9A-A7138B98782D}.Debug|Any CPU.Build.0 = Debug|Any CPU
		{67BB1665-3FA5-439C-8D9A-A7138B98782D}.Release|Any CPU.ActiveCfg = Release|Any CPU
		{67BB1665-3FA5-439C-8D9A-A7138B98782D}.Release|Any CPU.Build.0 = Release|Any CPU
		{7CAAD2EF-1504-4418-A4D9-533EC808E9B3}.Debug|Any CPU.ActiveCfg = Debug|Any CPU
		{7CAAD2EF-1504-4418-A4D9-533EC808E9B3}.Debug|Any CPU.Build.0 = Debug|Any CPU
		{7CAAD2EF-1504-4418-A4D9-533EC808E9B3}.Release|Any CPU.ActiveCfg = Release|Any CPU
		{7CAAD2EF-1504-4418-A4D9-533EC808E9B3}.Release|Any CPU.Build.0 = Release|Any CPU
		{2E50284B-7080-4EA4-8B0C-B3ABBBE1BA9E}.Debug|Any CPU.ActiveCfg = Debug|Any CPU
		{2E50284B-7080-4EA4-8B0C-B3ABBBE1BA9E}.Debug|Any CPU.Build.0 = Debug|Any CPU
		{2E50284B-7080-4EA4-8B0C-B3ABBBE1BA9E}.Release|Any CPU.ActiveCfg = Release|Any CPU
		{2E50284B-7080-4EA4-8B0C-B3ABBBE1BA9E}.Release|Any CPU.Build.0 = Release|Any CPU
		{1AF47652-51C7-4A64-B926-FCE25137AC35}.Debug|Any CPU.ActiveCfg = Debug|Any CPU
		{1AF47652-51C7-4A64-B926-FCE25137AC35}.Debug|Any CPU.Build.0 = Debug|Any CPU
		{1AF47652-51C7-4A64-B926-FCE25137AC35}.Release|Any CPU.ActiveCfg = Release|Any CPU
		{1AF47652-51C7-4A64-B926-FCE25137AC35}.Release|Any CPU.Build.0 = Release|Any CPU
		{91D54AD0-CCA8-4998-8EBB-84DDFCBE076A}.Debug|Any CPU.ActiveCfg = Debug|Any CPU
		{91D54AD0-CCA8-4998-8EBB-84DDFCBE076A}.Debug|Any CPU.Build.0 = Debug|Any CPU
		{91D54AD0-CCA8-4998-8EBB-84DDFCBE076A}.Release|Any CPU.ActiveCfg = Release|Any CPU
		{91D54AD0-CCA8-4998-8EBB-84DDFCBE076A}.Release|Any CPU.Build.0 = Release|Any CPU
		{4CC077B9-9CE9-4578-A241-1EE4932D0814}.Debug|Any CPU.ActiveCfg = Debug|Any CPU
		{4CC077B9-9CE9-4578-A241-1EE4932D0814}.Debug|Any CPU.Build.0 = Debug|Any CPU
		{4CC077B9-9CE9-4578-A241-1EE4932D0814}.Release|Any CPU.ActiveCfg = Release|Any CPU
		{4CC077B9-9CE9-4578-A241-1EE4932D0814}.Release|Any CPU.Build.0 = Release|Any CPU
		{9EDE3C75-B047-46CA-BC38-AAB828FC94AA}.Debug|Any CPU.ActiveCfg = Debug|Any CPU
		{9EDE3C75-B047-46CA-BC38-AAB828FC94AA}.Debug|Any CPU.Build.0 = Debug|Any CPU
		{9EDE3C75-B047-46CA-BC38-AAB828FC94AA}.Release|Any CPU.ActiveCfg = Release|Any CPU
		{9EDE3C75-B047-46CA-BC38-AAB828FC94AA}.Release|Any CPU.Build.0 = Release|Any CPU
	EndGlobalSection
	GlobalSection(SolutionProperties) = preSolution
		HideSolutionNode = FALSE
	EndGlobalSection
EndGlobal
