
Microsoft Visual Studio Solution File, Format Version 12.00
# Visual Studio 2013
VisualStudioVersion = 12.0.31101.0
MinimumVisualStudioVersion = 10.0.40219.1
Project("{FAE04EC0-301F-11D3-BF4B-00C04F79EFBC}") = "VideoOnDemandProjectDay1", "VideoOnDemandProjectDay1\VideoOnDemandProjectDay1.csproj", "{CCFDED40-3D67-4FEA-93F8-DB65E43C14B0}"
EndProject
Project("{2150E333-8FDC-42A3-9474-1A3956D46DE8}") = ".nuget", ".nuget", "{A5B72E65-346E-440C-8979-E444872AFD59}"
	ProjectSection(SolutionItems) = preProject
		.nuget\packages.config = .nuget\packages.config
	EndProjectSection
EndProject
Project("{FAE04EC0-301F-11D3-BF4B-00C04F79EFBC}") = "VideosOnDemandProjectTestsDay1", "VideosOnDemandProjectTestsDay1\VideosOnDemandProjectTestsDay1.csproj", "{331562AA-B41C-42D6-9420-8F127AEF2AB4}"
EndProject
Project("{FAE04EC0-301F-11D3-BF4B-00C04F79EFBC}") = "VideosOnDemandEntityDatabase", "VideosOnDemandEntityDatabase\VideosOnDemandEntityDatabase.csproj", "{67BB1665-3FA5-439C-8D9A-A7138B98782D}"
EndProject
Global
	GlobalSection(SolutionConfigurationPlatforms) = preSolution
		Debug|Any CPU = Debug|Any CPU
		Release|Any CPU = Release|Any CPU
	EndGlobalSection
	GlobalSection(ProjectConfigurationPlatforms) = postSolution
		{CCFDED40-3D67-4FEA-93F8-DB65E43C14B0}.Debug|Any CPU.ActiveCfg = Debug|Any CPU
		{CCFDED40-3D67-4FEA-93F8-DB65E43C14B0}.Debug|Any CPU.Build.0 = Debug|Any CPU
		{CCFDED40-3D67-4FEA-93F8-DB65E43C14B0}.Release|Any CPU.ActiveCfg = Release|Any CPU
		{CCFDED40-3D67-4FEA-93F8-DB65E43C14B0}.Release|Any CPU.Build.0 = Release|Any CPU
		{331562AA-B41C-42D6-9420-8F127AEF2AB4}.Debug|Any CPU.ActiveCfg = Debug|Any CPU
		{331562AA-B41C-42D6-9420-8F127AEF2AB4}.Debug|Any CPU.Build.0 = Debug|Any CPU
		{331562AA-B41C-42D6-9420-8F127AEF2AB4}.Release|Any CPU.ActiveCfg = Release|Any CPU
		{331562AA-B41C-42D6-9420-8F127AEF2AB4}.Release|Any CPU.Build.0 = Release|Any CPU
		{67BB1665-3FA5-439C-8D9A-A7138B98782D}.Debug|Any CPU.ActiveCfg = Debug|Any CPU
		{67BB1665-3FA5-439C-8D9A-A7138B98782D}.Debug|Any CPU.Build.0 = Debug|Any CPU
		{67BB1665-3FA5-439C-8D9A-A7138B98782D}.Release|Any CPU.ActiveCfg = Release|Any CPU
		{67BB1665-3FA5-439C-8D9A-A7138B98782D}.Release|Any CPU.Build.0 = Release|Any CPU
	EndGlobalSection
	GlobalSection(SolutionProperties) = preSolution
		HideSolutionNode = FALSE
	EndGlobalSection
EndGlobal
